
Microsoft Visual Studio Solution File, Format Version 12.00
# Visual Studio 15
VisualStudioVersion = 15.0.28307.757
MinimumVisualStudioVersion = 10.0.40219.1
Project("{9A19103F-16F7-4668-BE54-9A1E7A4F7556}") = "PersonelMasrafSistemi.WebAPI", "PersonelMasrafSistemi.WebAPI\PersonelMasrafSistemi.WebAPI.csproj", "{998205EB-37C0-4820-844C-B07E62066750}"
EndProject
Project("{FAE04EC0-301F-11D3-BF4B-00C04F79EFBC}") = "PersonelMasrafSistemi.Data", "PersonelMasrafSistemi.Data\PersonelMasrafSistemi.Data.csproj", "{BB171807-E1AD-4E23-A24B-3E6E54F1F2C2}"
EndProject
Project("{FAE04EC0-301F-11D3-BF4B-00C04F79EFBC}") = "PersonelMasrafSistemi.Database", "PersonelMasrafSistemi.Database\PersonelMasrafSistemi.Database.csproj", "{815C6BF4-A4BD-4784-98EC-CA13E56C4751}"
EndProject
Project("{FAE04EC0-301F-11D3-BF4B-00C04F79EFBC}") = "PersonelMasrafSistemi.Business", "PersonelMasrafSistemi.Business\PersonelMasrafSistemi.Business.csproj", "{3CD98A0A-34B9-4005-A1F6-5B335B5325BC}"
EndProject
Global
	GlobalSection(SolutionConfigurationPlatforms) = preSolution
		Debug|Any CPU = Debug|Any CPU
		Release|Any CPU = Release|Any CPU
	EndGlobalSection
	GlobalSection(ProjectConfigurationPlatforms) = postSolution
		{998205EB-37C0-4820-844C-B07E62066750}.Debug|Any CPU.ActiveCfg = Debug|Any CPU
		{998205EB-37C0-4820-844C-B07E62066750}.Debug|Any CPU.Build.0 = Debug|Any CPU
		{998205EB-37C0-4820-844C-B07E62066750}.Release|Any CPU.ActiveCfg = Release|Any CPU
		{998205EB-37C0-4820-844C-B07E62066750}.Release|Any CPU.Build.0 = Release|Any CPU
		{BB171807-E1AD-4E23-A24B-3E6E54F1F2C2}.Debug|Any CPU.ActiveCfg = Debug|Any CPU
		{BB171807-E1AD-4E23-A24B-3E6E54F1F2C2}.Debug|Any CPU.Build.0 = Debug|Any CPU
		{BB171807-E1AD-4E23-A24B-3E6E54F1F2C2}.Release|Any CPU.ActiveCfg = Release|Any CPU
		{BB171807-E1AD-4E23-A24B-3E6E54F1F2C2}.Release|Any CPU.Build.0 = Release|Any CPU
		{815C6BF4-A4BD-4784-98EC-CA13E56C4751}.Debug|Any CPU.ActiveCfg = Debug|Any CPU
		{815C6BF4-A4BD-4784-98EC-CA13E56C4751}.Debug|Any CPU.Build.0 = Debug|Any CPU
		{815C6BF4-A4BD-4784-98EC-CA13E56C4751}.Release|Any CPU.ActiveCfg = Release|Any CPU
		{815C6BF4-A4BD-4784-98EC-CA13E56C4751}.Release|Any CPU.Build.0 = Release|Any CPU
		{3CD98A0A-34B9-4005-A1F6-5B335B5325BC}.Debug|Any CPU.ActiveCfg = Debug|Any CPU
		{3CD98A0A-34B9-4005-A1F6-5B335B5325BC}.Debug|Any CPU.Build.0 = Debug|Any CPU
		{3CD98A0A-34B9-4005-A1F6-5B335B5325BC}.Release|Any CPU.ActiveCfg = Release|Any CPU
		{3CD98A0A-34B9-4005-A1F6-5B335B5325BC}.Release|Any CPU.Build.0 = Release|Any CPU
	EndGlobalSection
	GlobalSection(SolutionProperties) = preSolution
		HideSolutionNode = FALSE
	EndGlobalSection
	GlobalSection(ExtensibilityGlobals) = postSolution
		SolutionGuid = {CF74DED7-BF88-481A-A31C-F0A8685331F9}
	EndGlobalSection
EndGlobal
